// !$*UTF8*$!
{
	archiveVersion = 1;
	classes = {
	};
	objectVersion = 56;
	objects = {

/* Begin PBXBuildFile section */
		D300CD6A2AA3B3380036BC7F /* Indicator.swift in Sources */ = {isa = PBXBuildFile; fileRef = D300CD692AA3B3380036BC7F /* Indicator.swift */; };
		D340614B2AA1202D005208B1 /* SpeedoMeter.swift in Sources */ = {isa = PBXBuildFile; fileRef = D340614A2AA1202D005208B1 /* SpeedoMeter.swift */; };
		D36F84CE2AA454270085D8C5 /* AnimatedNumberText.swift in Sources */ = {isa = PBXBuildFile; fileRef = D36F84CD2AA454270085D8C5 /* AnimatedNumberText.swift */; };
		D3C767492AA069FE002B4213 /* SwiftUIAnimationApp.swift in Sources */ = {isa = PBXBuildFile; fileRef = D3C767482AA069FE002B4213 /* SwiftUIAnimationApp.swift */; };
		D3C7674B2AA069FE002B4213 /* ContentView.swift in Sources */ = {isa = PBXBuildFile; fileRef = D3C7674A2AA069FE002B4213 /* ContentView.swift */; };
		D3C7674D2AA069FF002B4213 /* Assets.xcassets in Resources */ = {isa = PBXBuildFile; fileRef = D3C7674C2AA069FF002B4213 /* Assets.xcassets */; };
		D3C767502AA069FF002B4213 /* Preview Assets.xcassets in Resources */ = {isa = PBXBuildFile; fileRef = D3C7674F2AA069FF002B4213 /* Preview Assets.xcassets */; };
		D3C7675A2AA069FF002B4213 /* SwiftUIAnimationTests.swift in Sources */ = {isa = PBXBuildFile; fileRef = D3C767592AA069FF002B4213 /* SwiftUIAnimationTests.swift */; };
		D3C767642AA069FF002B4213 /* SwiftUIAnimationUITests.swift in Sources */ = {isa = PBXBuildFile; fileRef = D3C767632AA069FF002B4213 /* SwiftUIAnimationUITests.swift */; };
		D3C767662AA069FF002B4213 /* SwiftUIAnimationUITestsLaunchTests.swift in Sources */ = {isa = PBXBuildFile; fileRef = D3C767652AA069FF002B4213 /* SwiftUIAnimationUITestsLaunchTests.swift */; };
		D3C767752AA06A45002B4213 /* Expense.swift in Sources */ = {isa = PBXBuildFile; fileRef = D3C767742AA06A45002B4213 /* Expense.swift */; };
		D3C767772AA06C2F002B4213 /* Home.swift in Sources */ = {isa = PBXBuildFile; fileRef = D3C767762AA06C2F002B4213 /* Home.swift */; };
/* End PBXBuildFile section */

/* Begin PBXContainerItemProxy section */
		D3C767562AA069FF002B4213 /* PBXContainerItemProxy */ = {
			isa = PBXContainerItemProxy;
			containerPortal = D3C7673D2AA069FE002B4213 /* Project object */;
			proxyType = 1;
			remoteGlobalIDString = D3C767442AA069FE002B4213;
			remoteInfo = SwiftUIAnimation;
		};
		D3C767602AA069FF002B4213 /* PBXContainerItemProxy */ = {
			isa = PBXContainerItemProxy;
			containerPortal = D3C7673D2AA069FE002B4213 /* Project object */;
			proxyType = 1;
			remoteGlobalIDString = D3C767442AA069FE002B4213;
			remoteInfo = SwiftUIAnimation;
		};
/* End PBXContainerItemProxy section */

/* Begin PBXFileReference section */
		D300CD692AA3B3380036BC7F /* Indicator.swift */ = {isa = PBXFileReference; lastKnownFileType = sourcecode.swift; path = Indicator.swift; sourceTree = "<group>"; };
		D340614A2AA1202D005208B1 /* SpeedoMeter.swift */ = {isa = PBXFileReference; lastKnownFileType = sourcecode.swift; path = SpeedoMeter.swift; sourceTree = "<group>"; };
		D36F84CD2AA454270085D8C5 /* AnimatedNumberText.swift */ = {isa = PBXFileReference; lastKnownFileType = sourcecode.swift; path = AnimatedNumberText.swift; sourceTree = "<group>"; };
		D3C767452AA069FE002B4213 /* SwiftUIAnimation.app */ = {isa = PBXFileReference; explicitFileType = wrapper.application; includeInIndex = 0; path = SwiftUIAnimation.app; sourceTree = BUILT_PRODUCTS_DIR; };
		D3C767482AA069FE002B4213 /* SwiftUIAnimationApp.swift */ = {isa = PBXFileReference; lastKnownFileType = sourcecode.swift; path = SwiftUIAnimationApp.swift; sourceTree = "<group>"; };
		D3C7674A2AA069FE002B4213 /* ContentView.swift */ = {isa = PBXFileReference; lastKnownFileType = sourcecode.swift; path = ContentView.swift; sourceTree = "<group>"; };
		D3C7674C2AA069FF002B4213 /* Assets.xcassets */ = {isa = PBXFileReference; lastKnownFileType = folder.assetcatalog; path = Assets.xcassets; sourceTree = "<group>"; };
		D3C7674F2AA069FF002B4213 /* Preview Assets.xcassets */ = {isa = PBXFileReference; lastKnownFileType = folder.assetcatalog; path = "Preview Assets.xcassets"; sourceTree = "<group>"; };
		D3C767552AA069FF002B4213 /* SwiftUIAnimationTests.xctest */ = {isa = PBXFileReference; explicitFileType = wrapper.cfbundle; includeInIndex = 0; path = SwiftUIAnimationTests.xctest; sourceTree = BUILT_PRODUCTS_DIR; };
		D3C767592AA069FF002B4213 /* SwiftUIAnimationTests.swift */ = {isa = PBXFileReference; lastKnownFileType = sourcecode.swift; path = SwiftUIAnimationTests.swift; sourceTree = "<group>"; };
		D3C7675F2AA069FF002B4213 /* SwiftUIAnimationUITests.xctest */ = {isa = PBXFileReference; explicitFileType = wrapper.cfbundle; includeInIndex = 0; path = SwiftUIAnimationUITests.xctest; sourceTree = BUILT_PRODUCTS_DIR; };
		D3C767632AA069FF002B4213 /* SwiftUIAnimationUITests.swift */ = {isa = PBXFileReference; lastKnownFileType = sourcecode.swift; path = SwiftUIAnimationUITests.swift; sourceTree = "<group>"; };
		D3C767652AA069FF002B4213 /* SwiftUIAnimationUITestsLaunchTests.swift */ = {isa = PBXFileReference; lastKnownFileType = sourcecode.swift; path = SwiftUIAnimationUITestsLaunchTests.swift; sourceTree = "<group>"; };
		D3C767742AA06A45002B4213 /* Expense.swift */ = {isa = PBXFileReference; lastKnownFileType = sourcecode.swift; path = Expense.swift; sourceTree = "<group>"; };
		D3C767762AA06C2F002B4213 /* Home.swift */ = {isa = PBXFileReference; lastKnownFileType = sourcecode.swift; path = Home.swift; sourceTree = "<group>"; };
/* End PBXFileReference section */

/* Begin PBXFrameworksBuildPhase section */
		D3C767422AA069FE002B4213 /* Frameworks */ = {
			isa = PBXFrameworksBuildPhase;
			buildActionMask = 2147483647;
			files = (
			);
			runOnlyForDeploymentPostprocessing = 0;
		};
		D3C767522AA069FF002B4213 /* Frameworks */ = {
			isa = PBXFrameworksBuildPhase;
			buildActionMask = 2147483647;
			files = (
			);
			runOnlyForDeploymentPostprocessing = 0;
		};
		D3C7675C2AA069FF002B4213 /* Frameworks */ = {
			isa = PBXFrameworksBuildPhase;
			buildActionMask = 2147483647;
			files = (
			);
			runOnlyForDeploymentPostprocessing = 0;
		};
/* End PBXFrameworksBuildPhase section */

/* Begin PBXGroup section */
		D3C7673C2AA069FE002B4213 = {
			isa = PBXGroup;
			children = (
				D3C767472AA069FE002B4213 /* SwiftUIAnimation */,
				D3C767582AA069FF002B4213 /* SwiftUIAnimationTests */,
				D3C767622AA069FF002B4213 /* SwiftUIAnimationUITests */,
				D3C767462AA069FE002B4213 /* Products */,
			);
			sourceTree = "<group>";
		};
		D3C767462AA069FE002B4213 /* Products */ = {
			isa = PBXGroup;
			children = (
				D3C767452AA069FE002B4213 /* SwiftUIAnimation.app */,
				D3C767552AA069FF002B4213 /* SwiftUIAnimationTests.xctest */,
				D3C7675F2AA069FF002B4213 /* SwiftUIAnimationUITests.xctest */,
			);
			name = Products;
			sourceTree = "<group>";
		};
		D3C767472AA069FE002B4213 /* SwiftUIAnimation */ = {
			isa = PBXGroup;
			children = (
				D3C767732AA06A3A002B4213 /* Model */,
				D3C767722AA06A37002B4213 /* View */,
				D3C767482AA069FE002B4213 /* SwiftUIAnimationApp.swift */,
				D3C7674A2AA069FE002B4213 /* ContentView.swift */,
				D3C7674C2AA069FF002B4213 /* Assets.xcassets */,
				D3C7674E2AA069FF002B4213 /* Preview Content */,
			);
			path = SwiftUIAnimation;
			sourceTree = "<group>";
		};
		D3C7674E2AA069FF002B4213 /* Preview Content */ = {
			isa = PBXGroup;
			children = (
				D3C7674F2AA069FF002B4213 /* Preview Assets.xcassets */,
			);
			path = "Preview Content";
			sourceTree = "<group>";
		};
		D3C767582AA069FF002B4213 /* SwiftUIAnimationTests */ = {
			isa = PBXGroup;
			children = (
				D3C767592AA069FF002B4213 /* SwiftUIAnimationTests.swift */,
			);
			path = SwiftUIAnimationTests;
			sourceTree = "<group>";
		};
		D3C767622AA069FF002B4213 /* SwiftUIAnimationUITests */ = {
			isa = PBXGroup;
			children = (
				D3C767632AA069FF002B4213 /* SwiftUIAnimationUITests.swift */,
				D3C767652AA069FF002B4213 /* SwiftUIAnimationUITestsLaunchTests.swift */,
			);
			path = SwiftUIAnimationUITests;
			sourceTree = "<group>";
		};
		D3C767722AA06A37002B4213 /* View */ = {
			isa = PBXGroup;
			children = (
				D3C767762AA06C2F002B4213 /* Home.swift */,
				D340614A2AA1202D005208B1 /* SpeedoMeter.swift */,
				D300CD692AA3B3380036BC7F /* Indicator.swift */,
				D36F84CD2AA454270085D8C5 /* AnimatedNumberText.swift */,
			);
			path = View;
			sourceTree = "<group>";
		};
		D3C767732AA06A3A002B4213 /* Model */ = {
			isa = PBXGroup;
			children = (
				D3C767742AA06A45002B4213 /* Expense.swift */,
			);
			path = Model;
			sourceTree = "<group>";
		};
/* End PBXGroup section */

/* Begin PBXNativeTarget section */
		D3C767442AA069FE002B4213 /* SwiftUIAnimation */ = {
			isa = PBXNativeTarget;
			buildConfigurationList = D3C767692AA069FF002B4213 /* Build configuration list for PBXNativeTarget "SwiftUIAnimation" */;
			buildPhases = (
				D3C767412AA069FE002B4213 /* Sources */,
				D3C767422AA069FE002B4213 /* Frameworks */,
				D3C767432AA069FE002B4213 /* Resources */,
			);
			buildRules = (
			);
			dependencies = (
			);
			name = SwiftUIAnimation;
			productName = SwiftUIAnimation;
			productReference = D3C767452AA069FE002B4213 /* SwiftUIAnimation.app */;
			productType = "com.apple.product-type.application";
		};
		D3C767542AA069FF002B4213 /* SwiftUIAnimationTests */ = {
			isa = PBXNativeTarget;
			buildConfigurationList = D3C7676C2AA069FF002B4213 /* Build configuration list for PBXNativeTarget "SwiftUIAnimationTests" */;
			buildPhases = (
				D3C767512AA069FF002B4213 /* Sources */,
				D3C767522AA069FF002B4213 /* Frameworks */,
				D3C767532AA069FF002B4213 /* Resources */,
			);
			buildRules = (
			);
			dependencies = (
				D3C767572AA069FF002B4213 /* PBXTargetDependency */,
			);
			name = SwiftUIAnimationTests;
			productName = SwiftUIAnimationTests;
			productReference = D3C767552AA069FF002B4213 /* SwiftUIAnimationTests.xctest */;
			productType = "com.apple.product-type.bundle.unit-test";
		};
		D3C7675E2AA069FF002B4213 /* SwiftUIAnimationUITests */ = {
			isa = PBXNativeTarget;
			buildConfigurationList = D3C7676F2AA069FF002B4213 /* Build configuration list for PBXNativeTarget "SwiftUIAnimationUITests" */;
			buildPhases = (
				D3C7675B2AA069FF002B4213 /* Sources */,
				D3C7675C2AA069FF002B4213 /* Frameworks */,
				D3C7675D2AA069FF002B4213 /* Resources */,
			);
			buildRules = (
			);
			dependencies = (
				D3C767612AA069FF002B4213 /* PBXTargetDependency */,
			);
			name = SwiftUIAnimationUITests;
			productName = SwiftUIAnimationUITests;
			productReference = D3C7675F2AA069FF002B4213 /* SwiftUIAnimationUITests.xctest */;
			productType = "com.apple.product-type.bundle.ui-testing";
		};
/* End PBXNativeTarget section */

/* Begin PBXProject section */
		D3C7673D2AA069FE002B4213 /* Project object */ = {
			isa = PBXProject;
			attributes = {
				BuildIndependentTargetsInParallel = 1;
				LastSwiftUpdateCheck = 1420;
				LastUpgradeCheck = 1420;
				TargetAttributes = {
					D3C767442AA069FE002B4213 = {
						CreatedOnToolsVersion = 14.2;
					};
					D3C767542AA069FF002B4213 = {
						CreatedOnToolsVersion = 14.2;
						TestTargetID = D3C767442AA069FE002B4213;
					};
					D3C7675E2AA069FF002B4213 = {
						CreatedOnToolsVersion = 14.2;
						TestTargetID = D3C767442AA069FE002B4213;
					};
				};
			};
			buildConfigurationList = D3C767402AA069FE002B4213 /* Build configuration list for PBXProject "SwiftUIAnimation" */;
			compatibilityVersion = "Xcode 14.0";
			developmentRegion = en;
			hasScannedForEncodings = 0;
			knownRegions = (
				en,
				Base,
			);
			mainGroup = D3C7673C2AA069FE002B4213;
			productRefGroup = D3C767462AA069FE002B4213 /* Products */;
			projectDirPath = "";
			projectRoot = "";
			targets = (
				D3C767442AA069FE002B4213 /* SwiftUIAnimation */,
				D3C767542AA069FF002B4213 /* SwiftUIAnimationTests */,
				D3C7675E2AA069FF002B4213 /* SwiftUIAnimationUITests */,
			);
		};
/* End PBXProject section */

/* Begin PBXResourcesBuildPhase section */
		D3C767432AA069FE002B4213 /* Resources */ = {
			isa = PBXResourcesBuildPhase;
			buildActionMask = 2147483647;
			files = (
				D3C767502AA069FF002B4213 /* Preview Assets.xcassets in Resources */,
				D3C7674D2AA069FF002B4213 /* Assets.xcassets in Resources */,
			);
			runOnlyForDeploymentPostprocessing = 0;
		};
		D3C767532AA069FF002B4213 /* Resources */ = {
			isa = PBXResourcesBuildPhase;
			buildActionMask = 2147483647;
			files = (
			);
			runOnlyForDeploymentPostprocessing = 0;
		};
		D3C7675D2AA069FF002B4213 /* Resources */ = {
			isa = PBXResourcesBuildPhase;
			buildActionMask = 2147483647;
			files = (
			);
			runOnlyForDeploymentPostprocessing = 0;
		};
/* End PBXResourcesBuildPhase section */

/* Begin PBXSourcesBuildPhase section */
		D3C767412AA069FE002B4213 /* Sources */ = {
			isa = PBXSourcesBuildPhase;
			buildActionMask = 2147483647;
			files = (
				D36F84CE2AA454270085D8C5 /* AnimatedNumberText.swift in Sources */,
				D3C767752AA06A45002B4213 /* Expense.swift in Sources */,
				D300CD6A2AA3B3380036BC7F /* Indicator.swift in Sources */,
				D3C7674B2AA069FE002B4213 /* ContentView.swift in Sources */,
				D340614B2AA1202D005208B1 /* SpeedoMeter.swift in Sources */,
				D3C767772AA06C2F002B4213 /* Home.swift in Sources */,
				D3C767492AA069FE002B4213 /* SwiftUIAnimationApp.swift in Sources */,
			);
			runOnlyForDeploymentPostprocessing = 0;
		};
		D3C767512AA069FF002B4213 /* Sources */ = {
			isa = PBXSourcesBuildPhase;
			buildActionMask = 2147483647;
			files = (
				D3C7675A2AA069FF002B4213 /* SwiftUIAnimationTests.swift in Sources */,
			);
			runOnlyForDeploymentPostprocessing = 0;
		};
		D3C7675B2AA069FF002B4213 /* Sources */ = {
			isa = PBXSourcesBuildPhase;
			buildActionMask = 2147483647;
			files = (
				D3C767642AA069FF002B4213 /* SwiftUIAnimationUITests.swift in Sources */,
				D3C767662AA069FF002B4213 /* SwiftUIAnimationUITestsLaunchTests.swift in Sources */,
			);
			runOnlyForDeploymentPostprocessing = 0;
		};
/* End PBXSourcesBuildPhase section */

/* Begin PBXTargetDependency section */
		D3C767572AA069FF002B4213 /* PBXTargetDependency */ = {
			isa = PBXTargetDependency;
			target = D3C767442AA069FE002B4213 /* SwiftUIAnimation */;
			targetProxy = D3C767562AA069FF002B4213 /* PBXContainerItemProxy */;
		};
		D3C767612AA069FF002B4213 /* PBXTargetDependency */ = {
			isa = PBXTargetDependency;
			target = D3C767442AA069FE002B4213 /* SwiftUIAnimation */;
			targetProxy = D3C767602AA069FF002B4213 /* PBXContainerItemProxy */;
		};
/* End PBXTargetDependency section */

/* Begin XCBuildConfiguration section */
		D3C767672AA069FF002B4213 /* Debug */ = {
			isa = XCBuildConfiguration;
			buildSettings = {
				ALWAYS_SEARCH_USER_PATHS = NO;
				CLANG_ANALYZER_NONNULL = YES;
				CLANG_ANALYZER_NUMBER_OBJECT_CONVERSION = YES_AGGRESSIVE;
				CLANG_CXX_LANGUAGE_STANDARD = "gnu++20";
				CLANG_ENABLE_MODULES = YES;
				CLANG_ENABLE_OBJC_ARC = YES;
				CLANG_ENABLE_OBJC_WEAK = YES;
				CLANG_WARN_BLOCK_CAPTURE_AUTORELEASING = YES;
				CLANG_WARN_BOOL_CONVERSION = YES;
				CLANG_WARN_COMMA = YES;
				CLANG_WARN_CONSTANT_CONVERSION = YES;
				CLANG_WARN_DEPRECATED_OBJC_IMPLEMENTATIONS = YES;
				CLANG_WARN_DIRECT_OBJC_ISA_USAGE = YES_ERROR;
				CLANG_WARN_DOCUMENTATION_COMMENTS = YES;
				CLANG_WARN_EMPTY_BODY = YES;
				CLANG_WARN_ENUM_CONVERSION = YES;
				CLANG_WARN_INFINITE_RECURSION = YES;
				CLANG_WARN_INT_CONVERSION = YES;
				CLANG_WARN_NON_LITERAL_NULL_CONVERSION = YES;
				CLANG_WARN_OBJC_IMPLICIT_RETAIN_SELF = YES;
				CLANG_WARN_OBJC_LITERAL_CONVERSION = YES;
				CLANG_WARN_OBJC_ROOT_CLASS = YES_ERROR;
				CLANG_WARN_QUOTED_INCLUDE_IN_FRAMEWORK_HEADER = YES;
				CLANG_WARN_RANGE_LOOP_ANALYSIS = YES;
				CLANG_WARN_STRICT_PROTOTYPES = YES;
				CLANG_WARN_SUSPICIOUS_MOVE = YES;
				CLANG_WARN_UNGUARDED_AVAILABILITY = YES_AGGRESSIVE;
				CLANG_WARN_UNREACHABLE_CODE = YES;
				CLANG_WARN__DUPLICATE_METHOD_MATCH = YES;
				COPY_PHASE_STRIP = NO;
				DEBUG_INFORMATION_FORMAT = dwarf;
				ENABLE_STRICT_OBJC_MSGSEND = YES;
				ENABLE_TESTABILITY = YES;
				GCC_C_LANGUAGE_STANDARD = gnu11;
				GCC_DYNAMIC_NO_PIC = NO;
				GCC_NO_COMMON_BLOCKS = YES;
				GCC_OPTIMIZATION_LEVEL = 0;
				GCC_PREPROCESSOR_DEFINITIONS = (
					"DEBUG=1",
					"$(inherited)",
				);
				GCC_WARN_64_TO_32_BIT_CONVERSION = YES;
				GCC_WARN_ABOUT_RETURN_TYPE = YES_ERROR;
				GCC_WARN_UNDECLARED_SELECTOR = YES;
				GCC_WARN_UNINITIALIZED_AUTOS = YES_AGGRESSIVE;
				GCC_WARN_UNUSED_FUNCTION = YES;
				GCC_WARN_UNUSED_VARIABLE = YES;
				IPHONEOS_DEPLOYMENT_TARGET = 16.2;
				MTL_ENABLE_DEBUG_INFO = INCLUDE_SOURCE;
				MTL_FAST_MATH = YES;
				ONLY_ACTIVE_ARCH = YES;
				SDKROOT = iphoneos;
				SWIFT_ACTIVE_COMPILATION_CONDITIONS = DEBUG;
				SWIFT_OPTIMIZATION_LEVEL = "-Onone";
			};
			name = Debug;
		};
		D3C767682AA069FF002B4213 /* Release */ = {
			isa = XCBuildConfiguration;
			buildSettings = {
				ALWAYS_SEARCH_USER_PATHS = NO;
				CLANG_ANALYZER_NONNULL = YES;
				CLANG_ANALYZER_NUMBER_OBJECT_CONVERSION = YES_AGGRESSIVE;
				CLANG_CXX_LANGUAGE_STANDARD = "gnu++20";
				CLANG_ENABLE_MODULES = YES;
				CLANG_ENABLE_OBJC_ARC = YES;
				CLANG_ENABLE_OBJC_WEAK = YES;
				CLANG_WARN_BLOCK_CAPTURE_AUTORELEASING = YES;
				CLANG_WARN_BOOL_CONVERSION = YES;
				CLANG_WARN_COMMA = YES;
				CLANG_WARN_CONSTANT_CONVERSION = YES;
				CLANG_WARN_DEPRECATED_OBJC_IMPLEMENTATIONS = YES;
				CLANG_WARN_DIRECT_OBJC_ISA_USAGE = YES_ERROR;
				CLANG_WARN_DOCUMENTATION_COMMENTS = YES;
				CLANG_WARN_EMPTY_BODY = YES;
				CLANG_WARN_ENUM_CONVERSION = YES;
				CLANG_WARN_INFINITE_RECURSION = YES;
				CLANG_WARN_INT_CONVERSION = YES;
				CLANG_WARN_NON_LITERAL_NULL_CONVERSION = YES;
				CLANG_WARN_OBJC_IMPLICIT_RETAIN_SELF = YES;
				CLANG_WARN_OBJC_LITERAL_CONVERSION = YES;
				CLANG_WARN_OBJC_ROOT_CLASS = YES_ERROR;
				CLANG_WARN_QUOTED_INCLUDE_IN_FRAMEWORK_HEADER = YES;
				CLANG_WARN_RANGE_LOOP_ANALYSIS = YES;
				CLANG_WARN_STRICT_PROTOTYPES = YES;
				CLANG_WARN_SUSPICIOUS_MOVE = YES;
				CLANG_WARN_UNGUARDED_AVAILABILITY = YES_AGGRESSIVE;
				CLANG_WARN_UNREACHABLE_CODE = YES;
				CLANG_WARN__DUPLICATE_METHOD_MATCH = YES;
				COPY_PHASE_STRIP = NO;
				DEBUG_INFORMATION_FORMAT = "dwarf-with-dsym";
				ENABLE_NS_ASSERTIONS = NO;
				ENABLE_STRICT_OBJC_MSGSEND = YES;
				GCC_C_LANGUAGE_STANDARD = gnu11;
				GCC_NO_COMMON_BLOCKS = YES;
				GCC_WARN_64_TO_32_BIT_CONVERSION = YES;
				GCC_WARN_ABOUT_RETURN_TYPE = YES_ERROR;
				GCC_WARN_UNDECLARED_SELECTOR = YES;
				GCC_WARN_UNINITIALIZED_AUTOS = YES_AGGRESSIVE;
				GCC_WARN_UNUSED_FUNCTION = YES;
				GCC_WARN_UNUSED_VARIABLE = YES;
				IPHONEOS_DEPLOYMENT_TARGET = 16.2;
				MTL_ENABLE_DEBUG_INFO = NO;
				MTL_FAST_MATH = YES;
				SDKROOT = iphoneos;
				SWIFT_COMPILATION_MODE = wholemodule;
				SWIFT_OPTIMIZATION_LEVEL = "-O";
				VALIDATE_PRODUCT = YES;
			};
			name = Release;
		};
		D3C7676A2AA069FF002B4213 /* Debug */ = {
			isa = XCBuildConfiguration;
			buildSettings = {
				ASSETCATALOG_COMPILER_APPICON_NAME = AppIcon;
				ASSETCATALOG_COMPILER_GLOBAL_ACCENT_COLOR_NAME = AccentColor;
				CODE_SIGN_STYLE = Automatic;
				CURRENT_PROJECT_VERSION = 1;
				DEVELOPMENT_ASSET_PATHS = "\"SwiftUIAnimation/Preview Content\"";
				ENABLE_PREVIEWS = YES;
				GENERATE_INFOPLIST_FILE = YES;
				INFOPLIST_KEY_UIApplicationSceneManifest_Generation = YES;
				INFOPLIST_KEY_UIApplicationSupportsIndirectInputEvents = YES;
				INFOPLIST_KEY_UILaunchScreen_Generation = YES;
				INFOPLIST_KEY_UISupportedInterfaceOrientations_iPad = "UIInterfaceOrientationPortrait UIInterfaceOrientationPortraitUpsideDown UIInterfaceOrientationLandscapeLeft UIInterfaceOrientationLandscapeRight";
				INFOPLIST_KEY_UISupportedInterfaceOrientations_iPhone = "UIInterfaceOrientationPortrait UIInterfaceOrientationLandscapeLeft UIInterfaceOrientationLandscapeRight";
				LD_RUNPATH_SEARCH_PATHS = (
					"$(inherited)",
					"@executable_path/Frameworks",
				);
				MARKETING_VERSION = 1.0;
				PRODUCT_BUNDLE_IDENTIFIER = test.SwiftUIAnimation;
				PRODUCT_NAME = "$(TARGET_NAME)";
				SWIFT_EMIT_LOC_STRINGS = YES;
				SWIFT_VERSION = 5.0;
				TARGETED_DEVICE_FAMILY = "1,2";
			};
			name = Debug;
		};
		D3C7676B2AA069FF002B4213 /* Release */ = {
			isa = XCBuildConfiguration;
			buildSettings = {
				ASSETCATALOG_COMPILER_APPICON_NAME = AppIcon;
				ASSETCATALOG_COMPILER_GLOBAL_ACCENT_COLOR_NAME = AccentColor;
				CODE_SIGN_STYLE = Automatic;
				CURRENT_PROJECT_VERSION = 1;
				DEVELOPMENT_ASSET_PATHS = "\"SwiftUIAnimation/Preview Content\"";
				ENABLE_PREVIEWS = YES;
				GENERATE_INFOPLIST_FILE = YES;
				INFOPLIST_KEY_UIApplicationSceneManifest_Generation = YES;
				INFOPLIST_KEY_UIApplicationSupportsIndirectInputEvents = YES;
				INFOPLIST_KEY_UILaunchScreen_Generation = YES;
				INFOPLIST_KEY_UISupportedInterfaceOrientations_iPad = "UIInterfaceOrientationPortrait UIInterfaceOrientationPortraitUpsideDown UIInterfaceOrientationLandscapeLeft UIInterfaceOrientationLandscapeRight";
				INFOPLIST_KEY_UISupportedInterfaceOrientations_iPhone = "UIInterfaceOrientationPortrait UIInterfaceOrientationLandscapeLeft UIInterfaceOrientationLandscapeRight";
				LD_RUNPATH_SEARCH_PATHS = (
					"$(inherited)",
					"@executable_path/Frameworks",
				);
				MARKETING_VERSION = 1.0;
				PRODUCT_BUNDLE_IDENTIFIER = test.SwiftUIAnimation;
				PRODUCT_NAME = "$(TARGET_NAME)";
				SWIFT_EMIT_LOC_STRINGS = YES;
				SWIFT_VERSION = 5.0;
				TARGETED_DEVICE_FAMILY = "1,2";
			};
			name = Release;
		};
		D3C7676D2AA069FF002B4213 /* Debug */ = {
			isa = XCBuildConfiguration;
			buildSettings = {
				ALWAYS_EMBED_SWIFT_STANDARD_LIBRARIES = YES;
				BUNDLE_LOADER = "$(TEST_HOST)";
				CODE_SIGN_STYLE = Automatic;
				CURRENT_PROJECT_VERSION = 1;
				GENERATE_INFOPLIST_FILE = YES;
				IPHONEOS_DEPLOYMENT_TARGET = 16.2;
				MARKETING_VERSION = 1.0;
				PRODUCT_BUNDLE_IDENTIFIER = test.SwiftUIAnimationTests;
				PRODUCT_NAME = "$(TARGET_NAME)";
				SWIFT_EMIT_LOC_STRINGS = NO;
				SWIFT_VERSION = 5.0;
				TARGETED_DEVICE_FAMILY = "1,2";
				TEST_HOST = "$(BUILT_PRODUCTS_DIR)/SwiftUIAnimation.app/$(BUNDLE_EXECUTABLE_FOLDER_PATH)/SwiftUIAnimation";
			};
			name = Debug;
		};
		D3C7676E2AA069FF002B4213 /* Release */ = {
			isa = XCBuildConfiguration;
			buildSettings = {
				ALWAYS_EMBED_SWIFT_STANDARD_LIBRARIES = YES;
				BUNDLE_LOADER = "$(TEST_HOST)";
				CODE_SIGN_STYLE = Automatic;
				CURRENT_PROJECT_VERSION = 1;
				GENERATE_INFOPLIST_FILE = YES;
				IPHONEOS_DEPLOYMENT_TARGET = 16.2;
				MARKETING_VERSION = 1.0;
				PRODUCT_BUNDLE_IDENTIFIER = test.SwiftUIAnimationTests;
				PRODUCT_NAME = "$(TARGET_NAME)";
				SWIFT_EMIT_LOC_STRINGS = NO;
				SWIFT_VERSION = 5.0;
				TARGETED_DEVICE_FAMILY = "1,2";
				TEST_HOST = "$(BUILT_PRODUCTS_DIR)/SwiftUIAnimation.app/$(BUNDLE_EXECUTABLE_FOLDER_PATH)/SwiftUIAnimation";
			};
			name = Release;
		};
		D3C767702AA069FF002B4213 /* Debug */ = {
			isa = XCBuildConfiguration;
			buildSettings = {
				ALWAYS_EMBED_SWIFT_STANDARD_LIBRARIES = YES;
				CODE_SIGN_STYLE = Automatic;
				CURRENT_PROJECT_VERSION = 1;
				GENERATE_INFOPLIST_FILE = YES;
				MARKETING_VERSION = 1.0;
				PRODUCT_BUNDLE_IDENTIFIER = test.SwiftUIAnimationUITests;
				PRODUCT_NAME = "$(TARGET_NAME)";
				SWIFT_EMIT_LOC_STRINGS = NO;
				SWIFT_VERSION = 5.0;
				TARGETED_DEVICE_FAMILY = "1,2";
				TEST_TARGET_NAME = SwiftUIAnimation;
			};
			name = Debug;
		};
		D3C767712AA069FF002B4213 /* Release */ = {
			isa = XCBuildConfiguration;
			buildSettings = {
				ALWAYS_EMBED_SWIFT_STANDARD_LIBRARIES = YES;
				CODE_SIGN_STYLE = Automatic;
				CURRENT_PROJECT_VERSION = 1;
				GENERATE_INFOPLIST_FILE = YES;
				MARKETING_VERSION = 1.0;
				PRODUCT_BUNDLE_IDENTIFIER = test.SwiftUIAnimationUITests;
				PRODUCT_NAME = "$(TARGET_NAME)";
				SWIFT_EMIT_LOC_STRINGS = NO;
				SWIFT_VERSION = 5.0;
				TARGETED_DEVICE_FAMILY = "1,2";
				TEST_TARGET_NAME = SwiftUIAnimation;
			};
			name = Release;
		};
/* End XCBuildConfiguration section */

/* Begin XCConfigurationList section */
		D3C767402AA069FE002B4213 /* Build configuration list for PBXProject "SwiftUIAnimation" */ = {
			isa = XCConfigurationList;
			buildConfigurations = (
				D3C767672AA069FF002B4213 /* Debug */,
				D3C767682AA069FF002B4213 /* Release */,
			);
			defaultConfigurationIsVisible = 0;
			defaultConfigurationName = Release;
		};
		D3C767692AA069FF002B4213 /* Build configuration list for PBXNativeTarget "SwiftUIAnimation" */ = {
			isa = XCConfigurationList;
			buildConfigurations = (
				D3C7676A2AA069FF002B4213 /* Debug */,
				D3C7676B2AA069FF002B4213 /* Release */,
			);
			defaultConfigurationIsVisible = 0;
			defaultConfigurationName = Release;
		};
		D3C7676C2AA069FF002B4213 /* Build configuration list for PBXNativeTarget "SwiftUIAnimationTests" */ = {
			isa = XCConfigurationList;
			buildConfigurations = (
				D3C7676D2AA069FF002B4213 /* Debug */,
				D3C7676E2AA069FF002B4213 /* Release */,
			);
			defaultConfigurationIsVisible = 0;
			defaultConfigurationName = Release;
		};
		D3C7676F2AA069FF002B4213 /* Build configuration list for PBXNativeTarget "SwiftUIAnimationUITests" */ = {
			isa = XCConfigurationList;
			buildConfigurations = (
				D3C767702AA069FF002B4213 /* Debug */,
				D3C767712AA069FF002B4213 /* Release */,
			);
			defaultConfigurationIsVisible = 0;
			defaultConfigurationName = Release;
		};
/* End XCConfigurationList section */
	};
	rootObject = D3C7673D2AA069FE002B4213 /* Project object */;
}
